# This file is automatically @generated by Poetry 1.5.4 and should not be changed by hand.

[[package]]
name = "mymathfoo1"
version = "0.5"
description = "Silly little math turd to add/subtract."
optional = false
python-versions = "*"
files = [
    {file = "mymathFoo1-0.5.tar.gz", hash = "sha256:b3b32d11fb15e5d83debf183a44eede4a62630e8688a4692b9275bd80d460696"},
]

[metadata]
lock-version = "2.0"
python-versions = "^3.10"
content-hash = "b96835e593caca162aff4c64886523c6bd2398db6eec51a317856534cdcb3857"
